PODS:
  - MMProgress (1.2.11):
    - SpinKit
  - SpinKit (1.2.0)

DEPENDENCIES:
  - MMProgress (from `../`)
  - SpinKit

EXTERNAL SOURCES:
  MMProgress:
    :path: ../

SPEC CHECKSUMS:
  MMProgress: cfcc4a73b1a673b577db5d975464a8bac6d3ad3e
  SpinKit: 65906a8b534a4e14cbfd3f8b0b6c329131faef4a

COCOAPODS: 0.39.0
